// !$*UTF8*$!
{
	archiveVersion = 1;
	classes = {
	};
	objectVersion = 55;
	objects = {

/* Begin PBXBuildFile section */
		62005CA327B329A900EC6FDB /* MapAppBootcampApp.swift in Sources */ = {isa = PBXBuildFile; fileRef = 62005CA227B329A900EC6FDB /* MapAppBootcampApp.swift */; };
		62005CA527B329A900EC6FDB /* ContentView.swift in Sources */ = {isa = PBXBuildFile; fileRef = 62005CA427B329A900EC6FDB /* ContentView.swift */; };
		62005CAA27B329AA00EC6FDB /* Preview Assets.xcassets in Resources */ = {isa = PBXBuildFile; fileRef = 62005CA927B329AA00EC6FDB /* Preview Assets.xcassets */; };
		62005CB127B32C9800EC6FDB /* Assets.xcassets in Resources */ = {isa = PBXBuildFile; fileRef = 62005CB027B32C9700EC6FDB /* Assets.xcassets */; };
		62005CB627B32DB300EC6FDB /* Location.swift in Sources */ = {isa = PBXBuildFile; fileRef = 62005CB527B32DB300EC6FDB /* Location.swift */; };
		62005CB927B32EAE00EC6FDB /* LocationsDataService.swift in Sources */ = {isa = PBXBuildFile; fileRef = 62005CB827B32EAE00EC6FDB /* LocationsDataService.swift */; };
		62005CBB27B32FCD00EC6FDB /* LocationsView.swift in Sources */ = {isa = PBXBuildFile; fileRef = 62005CBA27B32FCD00EC6FDB /* LocationsView.swift */; };
		62005CBD27B3326000EC6FDB /* LocationsViewModel.swift in Sources */ = {isa = PBXBuildFile; fileRef = 62005CBC27B3326000EC6FDB /* LocationsViewModel.swift */; };
/* End PBXBuildFile section */

/* Begin PBXFileReference section */
		62005C9F27B329A900EC6FDB /* MapAppBootcamp.app */ = {isa = PBXFileReference; explicitFileType = wrapper.application; includeInIndex = 0; path = MapAppBootcamp.app; sourceTree = BUILT_PRODUCTS_DIR; };
		62005CA227B329A900EC6FDB /* MapAppBootcampApp.swift */ = {isa = PBXFileReference; lastKnownFileType = sourcecode.swift; path = MapAppBootcampApp.swift; sourceTree = "<group>"; };
		62005CA427B329A900EC6FDB /* ContentView.swift */ = {isa = PBXFileReference; lastKnownFileType = sourcecode.swift; path = ContentView.swift; sourceTree = "<group>"; };
		62005CA927B329AA00EC6FDB /* Preview Assets.xcassets */ = {isa = PBXFileReference; lastKnownFileType = folder.assetcatalog; path = "Preview Assets.xcassets"; sourceTree = "<group>"; };
		62005CB027B32C9700EC6FDB /* Assets.xcassets */ = {isa = PBXFileReference; lastKnownFileType = folder.assetcatalog; path = Assets.xcassets; sourceTree = "<group>"; };
		62005CB527B32DB300EC6FDB /* Location.swift */ = {isa = PBXFileReference; lastKnownFileType = sourcecode.swift; path = Location.swift; sourceTree = "<group>"; };
		62005CB827B32EAE00EC6FDB /* LocationsDataService.swift */ = {isa = PBXFileReference; fileEncoding = 4; lastKnownFileType = sourcecode.swift; path = LocationsDataService.swift; sourceTree = "<group>"; };
		62005CBA27B32FCD00EC6FDB /* LocationsView.swift */ = {isa = PBXFileReference; lastKnownFileType = sourcecode.swift; path = LocationsView.swift; sourceTree = "<group>"; };
		62005CBC27B3326000EC6FDB /* LocationsViewModel.swift */ = {isa = PBXFileReference; lastKnownFileType = sourcecode.swift; path = LocationsViewModel.swift; sourceTree = "<group>"; };
/* End PBXFileReference section */

/* Begin PBXFrameworksBuildPhase section */
		62005C9C27B329A900EC6FDB /* Frameworks */ = {
			isa = PBXFrameworksBuildPhase;
			buildActionMask = 2147483647;
			files = (
			);
			runOnlyForDeploymentPostprocessing = 0;
		};
/* End PBXFrameworksBuildPhase section */

/* Begin PBXGroup section */
		62005C9627B329A900EC6FDB = {
			isa = PBXGroup;
			children = (
				62005CA127B329A900EC6FDB /* MapAppBootcamp */,
				62005CA027B329A900EC6FDB /* Products */,
			);
			sourceTree = "<group>";
		};
		62005CA027B329A900EC6FDB /* Products */ = {
			isa = PBXGroup;
			children = (
				62005C9F27B329A900EC6FDB /* MapAppBootcamp.app */,
			);
			name = Products;
			sourceTree = "<group>";
		};
		62005CA127B329A900EC6FDB /* MapAppBootcamp */ = {
			isa = PBXGroup;
			children = (
				62005CB727B32E9900EC6FDB /* DataServices */,
				62005CB227B32D5F00EC6FDB /* Models */,
				62005CB427B32D8000EC6FDB /* ViewModels */,
				62005CB327B32D7700EC6FDB /* Views */,
				62005CA227B329A900EC6FDB /* MapAppBootcampApp.swift */,
				62005CA427B329A900EC6FDB /* ContentView.swift */,
				62005CB027B32C9700EC6FDB /* Assets.xcassets */,
				62005CA827B329AA00EC6FDB /* Preview Content */,
			);
			path = MapAppBootcamp;
			sourceTree = "<group>";
		};
		62005CA827B329AA00EC6FDB /* Preview Content */ = {
			isa = PBXGroup;
			children = (
				62005CA927B329AA00EC6FDB /* Preview Assets.xcassets */,
			);
			path = "Preview Content";
			sourceTree = "<group>";
		};
		62005CB227B32D5F00EC6FDB /* Models */ = {
			isa = PBXGroup;
			children = (
				62005CB527B32DB300EC6FDB /* Location.swift */,
			);
			path = Models;
			sourceTree = "<group>";
		};
		62005CB327B32D7700EC6FDB /* Views */ = {
			isa = PBXGroup;
			children = (
				62005CBA27B32FCD00EC6FDB /* LocationsView.swift */,
			);
			path = Views;
			sourceTree = "<group>";
		};
		62005CB427B32D8000EC6FDB /* ViewModels */ = {
			isa = PBXGroup;
			children = (
				62005CBC27B3326000EC6FDB /* LocationsViewModel.swift */,
			);
			path = ViewModels;
			sourceTree = "<group>";
		};
		62005CB727B32E9900EC6FDB /* DataServices */ = {
			isa = PBXGroup;
			children = (
				62005CB827B32EAE00EC6FDB /* LocationsDataService.swift */,
			);
			path = DataServices;
			sourceTree = "<group>";
		};
/* End PBXGroup section */

/* Begin PBXNativeTarget section */
		62005C9E27B329A900EC6FDB /* MapAppBootcamp */ = {
			isa = PBXNativeTarget;
			buildConfigurationList = 62005CAD27B329AA00EC6FDB /* Build configuration list for PBXNativeTarget "MapAppBootcamp" */;
			buildPhases = (
				62005C9B27B329A900EC6FDB /* Sources */,
				62005C9C27B329A900EC6FDB /* Frameworks */,
				62005C9D27B329A900EC6FDB /* Resources */,
			);
			buildRules = (
			);
			dependencies = (
			);
			name = MapAppBootcamp;
			productName = MapAppBootcamp;
			productReference = 62005C9F27B329A900EC6FDB /* MapAppBootcamp.app */;
			productType = "com.apple.product-type.application";
		};
/* End PBXNativeTarget section */

/* Begin PBXProject section */
		62005C9727B329A900EC6FDB /* Project object */ = {
			isa = PBXProject;
			attributes = {
				BuildIndependentTargetsInParallel = 1;
				LastSwiftUpdateCheck = 1320;
				LastUpgradeCheck = 1320;
				TargetAttributes = {
					62005C9E27B329A900EC6FDB = {
						CreatedOnToolsVersion = 13.2.1;
					};
				};
			};
			buildConfigurationList = 62005C9A27B329A900EC6FDB /* Build configuration list for PBXProject "MapAppBootcamp" */;
			compatibilityVersion = "Xcode 13.0";
			developmentRegion = en;
			hasScannedForEncodings = 0;
			knownRegions = (
				en,
				Base,
			);
			mainGroup = 62005C9627B329A900EC6FDB;
			productRefGroup = 62005CA027B329A900EC6FDB /* Products */;
			projectDirPath = "";
			projectRoot = "";
			targets = (
				62005C9E27B329A900EC6FDB /* MapAppBootcamp */,
			);
		};
/* End PBXProject section */

/* Begin PBXResourcesBuildPhase section */
		62005C9D27B329A900EC6FDB /* Resources */ = {
			isa = PBXResourcesBuildPhase;
			buildActionMask = 2147483647;
			files = (
				62005CB127B32C9800EC6FDB /* Assets.xcassets in Resources */,
				62005CAA27B329AA00EC6FDB /* Preview Assets.xcassets in Resources */,
			);
			runOnlyForDeploymentPostprocessing = 0;
		};
/* End PBXResourcesBuildPhase section */

/* Begin PBXSourcesBuildPhase section */
		62005C9B27B329A900EC6FDB /* Sources */ = {
			isa = PBXSourcesBuildPhase;
			buildActionMask = 2147483647;
			files = (
				62005CB927B32EAE00EC6FDB /* LocationsDataService.swift in Sources */,
				62005CBD27B3326000EC6FDB /* LocationsViewModel.swift in Sources */,
				62005CA527B329A900EC6FDB /* ContentView.swift in Sources */,
				62005CBB27B32FCD00EC6FDB /* LocationsView.swift in Sources */,
				62005CB627B32DB300EC6FDB /* Location.swift in Sources */,
				62005CA327B329A900EC6FDB /* MapAppBootcampApp.swift in Sources */,
			);
			runOnlyForDeploymentPostprocessing = 0;
		};
/* End PBXSourcesBuildPhase section */

/* Begin XCBuildConfiguration section */
		62005CAB27B329AA00EC6FDB /* Debug */ = {
			isa = XCBuildConfiguration;
			buildSettings = {
				ALWAYS_SEARCH_USER_PATHS = NO;
				CLANG_ANALYZER_NONNULL = YES;
				CLANG_ANALYZER_NUMBER_OBJECT_CONVERSION = YES_AGGRESSIVE;
				CLANG_CXX_LANGUAGE_STANDARD = "gnu++17";
				CLANG_CXX_LIBRARY = "libc++";
				CLANG_ENABLE_MODULES = YES;
				CLANG_ENABLE_OBJC_ARC = YES;
				CLANG_ENABLE_OBJC_WEAK = YES;
				CLANG_WARN_BLOCK_CAPTURE_AUTORELEASING = YES;
				CLANG_WARN_BOOL_CONVERSION = YES;
				CLANG_WARN_COMMA = YES;
				CLANG_WARN_CONSTANT_CONVERSION = YES;
				CLANG_WARN_DEPRECATED_OBJC_IMPLEMENTATIONS = YES;
				CLANG_WARN_DIRECT_OBJC_ISA_USAGE = YES_ERROR;
				CLANG_WARN_DOCUMENTATION_COMMENTS = YES;
				CLANG_WARN_EMPTY_BODY = YES;
				CLANG_WARN_ENUM_CONVERSION = YES;
				CLANG_WARN_INFINITE_RECURSION = YES;
				CLANG_WARN_INT_CONVERSION = YES;
				CLANG_WARN_NON_LITERAL_NULL_CONVERSION = YES;
				CLANG_WARN_OBJC_IMPLICIT_RETAIN_SELF = YES;
				CLANG_WARN_OBJC_LITERAL_CONVERSION = YES;
				CLANG_WARN_OBJC_ROOT_CLASS = YES_ERROR;
				CLANG_WARN_QUOTED_INCLUDE_IN_FRAMEWORK_HEADER = YES;
				CLANG_WARN_RANGE_LOOP_ANALYSIS = YES;
				CLANG_WARN_STRICT_PROTOTYPES = YES;
				CLANG_WARN_SUSPICIOUS_MOVE = YES;
				CLANG_WARN_UNGUARDED_AVAILABILITY = YES_AGGRESSIVE;
				CLANG_WARN_UNREACHABLE_CODE = YES;
				CLANG_WARN__DUPLICATE_METHOD_MATCH = YES;
				COPY_PHASE_STRIP = NO;
				DEBUG_INFORMATION_FORMAT = dwarf;
				ENABLE_STRICT_OBJC_MSGSEND = YES;
				ENABLE_TESTABILITY = YES;
				GCC_C_LANGUAGE_STANDARD = gnu11;
				GCC_DYNAMIC_NO_PIC = NO;
				GCC_NO_COMMON_BLOCKS = YES;
				GCC_OPTIMIZATION_LEVEL = 0;
				GCC_PREPROCESSOR_DEFINITIONS = (
					"DEBUG=1",
					"$(inherited)",
				);
				GCC_WARN_64_TO_32_BIT_CONVERSION = YES;
				GCC_WARN_ABOUT_RETURN_TYPE = YES_ERROR;
				GCC_WARN_UNDECLARED_SELECTOR = YES;
				GCC_WARN_UNINITIALIZED_AUTOS = YES_AGGRESSIVE;
				GCC_WARN_UNUSED_FUNCTION = YES;
				GCC_WARN_UNUSED_VARIABLE = YES;
				IPHONEOS_DEPLOYMENT_TARGET = 15.2;
				MTL_ENABLE_DEBUG_INFO = INCLUDE_SOURCE;
				MTL_FAST_MATH = YES;
				ONLY_ACTIVE_ARCH = YES;
				SDKROOT = iphoneos;
				SWIFT_ACTIVE_COMPILATION_CONDITIONS = DEBUG;
				SWIFT_OPTIMIZATION_LEVEL = "-Onone";
			};
			name = Debug;
		};
		62005CAC27B329AA00EC6FDB /* Release */ = {
			isa = XCBuildConfiguration;
			buildSettings = {
				ALWAYS_SEARCH_USER_PATHS = NO;
				CLANG_ANALYZER_NONNULL = YES;
				CLANG_ANALYZER_NUMBER_OBJECT_CONVERSION = YES_AGGRESSIVE;
				CLANG_CXX_LANGUAGE_STANDARD = "gnu++17";
				CLANG_CXX_LIBRARY = "libc++";
				CLANG_ENABLE_MODULES = YES;
				CLANG_ENABLE_OBJC_ARC = YES;
				CLANG_ENABLE_OBJC_WEAK = YES;
				CLANG_WARN_BLOCK_CAPTURE_AUTORELEASING = YES;
				CLANG_WARN_BOOL_CONVERSION = YES;
				CLANG_WARN_COMMA = YES;
				CLANG_WARN_CONSTANT_CONVERSION = YES;
				CLANG_WARN_DEPRECATED_OBJC_IMPLEMENTATIONS = YES;
				CLANG_WARN_DIRECT_OBJC_ISA_USAGE = YES_ERROR;
				CLANG_WARN_DOCUMENTATION_COMMENTS = YES;
				CLANG_WARN_EMPTY_BODY = YES;
				CLANG_WARN_ENUM_CONVERSION = YES;
				CLANG_WARN_INFINITE_RECURSION = YES;
				CLANG_WARN_INT_CONVERSION = YES;
				CLANG_WARN_NON_LITERAL_NULL_CONVERSION = YES;
				CLANG_WARN_OBJC_IMPLICIT_RETAIN_SELF = YES;
				CLANG_WARN_OBJC_LITERAL_CONVERSION = YES;
				CLANG_WARN_OBJC_ROOT_CLASS = YES_ERROR;
				CLANG_WARN_QUOTED_INCLUDE_IN_FRAMEWORK_HEADER = YES;
				CLANG_WARN_RANGE_LOOP_ANALYSIS = YES;
				CLANG_WARN_STRICT_PROTOTYPES = YES;
				CLANG_WARN_SUSPICIOUS_MOVE = YES;
				CLANG_WARN_UNGUARDED_AVAILABILITY = YES_AGGRESSIVE;
				CLANG_WARN_UNREACHABLE_CODE = YES;
				CLANG_WARN__DUPLICATE_METHOD_MATCH = YES;
				COPY_PHASE_STRIP = NO;
				DEBUG_INFORMATION_FORMAT = "dwarf-with-dsym";
				ENABLE_NS_ASSERTIONS = NO;
				ENABLE_STRICT_OBJC_MSGSEND = YES;
				GCC_C_LANGUAGE_STANDARD = gnu11;
				GCC_NO_COMMON_BLOCKS = YES;
				GCC_WARN_64_TO_32_BIT_CONVERSION = YES;
				GCC_WARN_ABOUT_RETURN_TYPE = YES_ERROR;
				GCC_WARN_UNDECLARED_SELECTOR = YES;
				GCC_WARN_UNINITIALIZED_AUTOS = YES_AGGRESSIVE;
				GCC_WARN_UNUSED_FUNCTION = YES;
				GCC_WARN_UNUSED_VARIABLE = YES;
				IPHONEOS_DEPLOYMENT_TARGET = 15.2;
				MTL_ENABLE_DEBUG_INFO = NO;
				MTL_FAST_MATH = YES;
				SDKROOT = iphoneos;
				SWIFT_COMPILATION_MODE = wholemodule;
				SWIFT_OPTIMIZATION_LEVEL = "-O";
				VALIDATE_PRODUCT = YES;
			};
			name = Release;
		};
		62005CAE27B329AA00EC6FDB /* Debug */ = {
			isa = XCBuildConfiguration;
			buildSettings = {
				ASSETCATALOG_COMPILER_APPICON_NAME = AppIcon;
				ASSETCATALOG_COMPILER_GLOBAL_ACCENT_COLOR_NAME = AccentColor;
				CODE_SIGN_STYLE = Automatic;
				CURRENT_PROJECT_VERSION = 1;
				DEVELOPMENT_ASSET_PATHS = "\"MapAppBootcamp/Preview Content\"";
				ENABLE_PREVIEWS = YES;
				GENERATE_INFOPLIST_FILE = YES;
				INFOPLIST_KEY_UIApplicationSceneManifest_Generation = YES;
				INFOPLIST_KEY_UIApplicationSupportsIndirectInputEvents = YES;
				INFOPLIST_KEY_UILaunchScreen_Generation = YES;
				INFOPLIST_KEY_UISupportedInterfaceOrientations_iPad = "UIInterfaceOrientationPortrait UIInterfaceOrientationPortraitUpsideDown UIInterfaceOrientationLandscapeLeft UIInterfaceOrientationLandscapeRight";
				INFOPLIST_KEY_UISupportedInterfaceOrientations_iPhone = "UIInterfaceOrientationPortrait UIInterfaceOrientationLandscapeLeft UIInterfaceOrientationLandscapeRight";
				LD_RUNPATH_SEARCH_PATHS = (
					"$(inherited)",
					"@executable_path/Frameworks",
				);
				MARKETING_VERSION = 1.0;
				PRODUCT_BUNDLE_IDENTIFIER = com.aguirretyler.MapAppBootcamp;
				PRODUCT_NAME = "$(TARGET_NAME)";
				SWIFT_EMIT_LOC_STRINGS = YES;
				SWIFT_VERSION = 5.0;
				TARGETED_DEVICE_FAMILY = "1,2";
			};
			name = Debug;
		};
		62005CAF27B329AA00EC6FDB /* Release */ = {
			isa = XCBuildConfiguration;
			buildSettings = {
				ASSETCATALOG_COMPILER_APPICON_NAME = AppIcon;
				ASSETCATALOG_COMPILER_GLOBAL_ACCENT_COLOR_NAME = AccentColor;
				CODE_SIGN_STYLE = Automatic;
				CURRENT_PROJECT_VERSION = 1;
				DEVELOPMENT_ASSET_PATHS = "\"MapAppBootcamp/Preview Content\"";
				ENABLE_PREVIEWS = YES;
				GENERATE_INFOPLIST_FILE = YES;
				INFOPLIST_KEY_UIApplicationSceneManifest_Generation = YES;
				INFOPLIST_KEY_UIApplicationSupportsIndirectInputEvents = YES;
				INFOPLIST_KEY_UILaunchScreen_Generation = YES;
				INFOPLIST_KEY_UISupportedInterfaceOrientations_iPad = "UIInterfaceOrientationPortrait UIInterfaceOrientationPortraitUpsideDown UIInterfaceOrientationLandscapeLeft UIInterfaceOrientationLandscapeRight";
				INFOPLIST_KEY_UISupportedInterfaceOrientations_iPhone = "UIInterfaceOrientationPortrait UIInterfaceOrientationLandscapeLeft UIInterfaceOrientationLandscapeRight";
				LD_RUNPATH_SEARCH_PATHS = (
					"$(inherited)",
					"@executable_path/Frameworks",
				);
				MARKETING_VERSION = 1.0;
				PRODUCT_BUNDLE_IDENTIFIER = com.aguirretyler.MapAppBootcamp;
				PRODUCT_NAME = "$(TARGET_NAME)";
				SWIFT_EMIT_LOC_STRINGS = YES;
				SWIFT_VERSION = 5.0;
				TARGETED_DEVICE_FAMILY = "1,2";
			};
			name = Release;
		};
/* End XCBuildConfiguration section */

/* Begin XCConfigurationList section */
		62005C9A27B329A900EC6FDB /* Build configuration list for PBXProject "MapAppBootcamp" */ = {
			isa = XCConfigurationList;
			buildConfigurations = (
				62005CAB27B329AA00EC6FDB /* Debug */,
				62005CAC27B329AA00EC6FDB /* Release */,
			);
			defaultConfigurationIsVisible = 0;
			defaultConfigurationName = Release;
		};
		62005CAD27B329AA00EC6FDB /* Build configuration list for PBXNativeTarget "MapAppBootcamp" */ = {
			isa = XCConfigurationList;
			buildConfigurations = (
				62005CAE27B329AA00EC6FDB /* Debug */,
				62005CAF27B329AA00EC6FDB /* Release */,
			);
			defaultConfigurationIsVisible = 0;
			defaultConfigurationName = Release;
		};
/* End XCConfigurationList section */
	};
	rootObject = 62005C9727B329A900EC6FDB /* Project object */;
}
